
Microsoft Visual Studio Solution File, Format Version 12.00
# Visual Studio Version 17
VisualStudioVersion = 17.3.32804.467
MinimumVisualStudioVersion = 10.0.40219.1
Project("{FAE04EC0-301F-11D3-BF4B-00C04F79EFBC}") = "Provhanterare-Osama TE2", "Provhanterare-Osama TE2\Provhanterare-Osama TE2.csproj", "{2A44171D-5E3B-4D01-A274-75A82ADF332B}"
EndProject
Global
	GlobalSection(SolutionConfigurationPlatforms) = preSolution
		Debug|Any CPU = Debug|Any CPU
		Release|Any CPU = Release|Any CPU
	EndGlobalSection
	GlobalSection(ProjectConfigurationPlatforms) = postSolution
		{2A44171D-5E3B-4D01-A274-75A82ADF332B}.Debug|Any CPU.ActiveCfg = Debug|Any CPU
		{2A44171D-5E3B-4D01-A274-75A82ADF332B}.Debug|Any CPU.Build.0 = Debug|Any CPU
		{2A44171D-5E3B-4D01-A274-75A82ADF332B}.Release|Any CPU.ActiveCfg = Release|Any CPU
		{2A44171D-5E3B-4D01-A274-75A82ADF332B}.Release|Any CPU.Build.0 = Release|Any CPU
	EndGlobalSection
	GlobalSection(SolutionProperties) = preSolution
		HideSolutionNode = FALSE
	EndGlobalSection
	GlobalSection(ExtensibilityGlobals) = postSolution
		SolutionGuid = {2BA5960D-6474-4644-97C5-0E799954AC27}
	EndGlobalSection
EndGlobal
